
Microsoft Visual Studio Solution File, Format Version 12.00
# Visual Studio Version 17
VisualStudioVersion = 17.13.35818.85 d17.13
MinimumVisualStudioVersion = 10.0.40219.1
Project("{FAE04EC0-301F-11D3-BF4B-00C04F79EFBC}") = "tpmodul4_103022300011", "tpmodul4_103022300011.csproj", "{385D0AFC-58D1-4AB0-8407-EE03B55A3843}"
EndProject
Global
	GlobalSection(SolutionConfigurationPlatforms) = preSolution
		Debug|Any CPU = Debug|Any CPU
		Release|Any CPU = Release|Any CPU
	EndGlobalSection
	GlobalSection(ProjectConfigurationPlatforms) = postSolution
		{385D0AFC-58D1-4AB0-8407-EE03B55A3843}.Debug|Any CPU.ActiveCfg = Debug|Any CPU
		{385D0AFC-58D1-4AB0-8407-EE03B55A3843}.Debug|Any CPU.Build.0 = Debug|Any CPU
		{385D0AFC-58D1-4AB0-8407-EE03B55A3843}.Release|Any CPU.ActiveCfg = Release|Any CPU
		{385D0AFC-58D1-4AB0-8407-EE03B55A3843}.Release|Any CPU.Build.0 = Release|Any CPU
	EndGlobalSection
	GlobalSection(SolutionProperties) = preSolution
		HideSolutionNode = FALSE
	EndGlobalSection
	GlobalSection(ExtensibilityGlobals) = postSolution
		SolutionGuid = {C41E5DB0-E4C7-4C7A-9DCC-0DB7EB9C6A38}
	EndGlobalSection
EndGlobal
